// !$*UTF8*$!
{
	archiveVersion = 1;
	classes = {
	};
	objectVersion = 50;
	objects = {

/* Begin PBXBuildFile section */
		031A43842460FA2C00DBA93C /* AddMomento2.storyboard in Resources */ = {isa = PBXBuildFile; fileRef = 031A43832460FA2C00DBA93C /* AddMomento2.storyboard */; };
		031A43862460FA6A00DBA93C /* AddMomento2ViewController.swift in Sources */ = {isa = PBXBuildFile; fileRef = 031A43852460FA6A00DBA93C /* AddMomento2ViewController.swift */; };
		031A438924619C5400DBA93C /* PhotoCollectionViewCell.swift in Sources */ = {isa = PBXBuildFile; fileRef = 031A438724619C5400DBA93C /* PhotoCollectionViewCell.swift */; };
		031A438A24619C5400DBA93C /* PhotoCollectionViewCell.xib in Resources */ = {isa = PBXBuildFile; fileRef = 031A438824619C5400DBA93C /* PhotoCollectionViewCell.xib */; };
		031A438C2462DF6600DBA93C /* AddMomento3.storyboard in Resources */ = {isa = PBXBuildFile; fileRef = 031A438B2462DF6600DBA93C /* AddMomento3.storyboard */; };
		031A438E2462E04000DBA93C /* AddMomento3Controller.swift in Sources */ = {isa = PBXBuildFile; fileRef = 031A438D2462E04000DBA93C /* AddMomento3Controller.swift */; };
		03294123245B80A3009AF37F /* FeelingCardCollectionViewCell.swift in Sources */ = {isa = PBXBuildFile; fileRef = 03294121245B80A3009AF37F /* FeelingCardCollectionViewCell.swift */; };
		03294124245B80A3009AF37F /* FeelingCardCollectionViewCell.xib in Resources */ = {isa = PBXBuildFile; fileRef = 03294122245B80A3009AF37F /* FeelingCardCollectionViewCell.xib */; };
		03294126245C4FB2009AF37F /* fontStyle.swift in Sources */ = {isa = PBXBuildFile; fileRef = 03294125245C4FB2009AF37F /* fontStyle.swift */; };
		03D908232459A88300F9839C /* Card.swift in Sources */ = {isa = PBXBuildFile; fileRef = 03D9081F2459A88300F9839C /* Card.swift */; };
		03D908242459A88300F9839C /* Contacts.swift in Sources */ = {isa = PBXBuildFile; fileRef = 03D908202459A88300F9839C /* Contacts.swift */; };
		03D908252459A88300F9839C /* User.swift in Sources */ = {isa = PBXBuildFile; fileRef = 03D908212459A88300F9839C /* User.swift */; };
		03D908262459A88300F9839C /* FeelingCard.swift in Sources */ = {isa = PBXBuildFile; fileRef = 03D908222459A88300F9839C /* FeelingCard.swift */; };
		03D908282459B8B000F9839C /* colorsApp.swift in Sources */ = {isa = PBXBuildFile; fileRef = 03D908272459B8B000F9839C /* colorsApp.swift */; };
		03D9082A2459BD3C00F9839C /* AddMomentoController.swift in Sources */ = {isa = PBXBuildFile; fileRef = 03D908292459BD3C00F9839C /* AddMomentoController.swift */; };
		8863462F245B17B600149659 /* MsgApoioCollectionViewCell.swift in Sources */ = {isa = PBXBuildFile; fileRef = 8863462D245B17B600149659 /* MsgApoioCollectionViewCell.swift */; };
		88634632245B1ADD00149659 /* MsgApoioXibs.xib in Resources */ = {isa = PBXBuildFile; fileRef = 88634631245B1ADD00149659 /* MsgApoioXibs.xib */; };
		88634634245CB52B00149659 /* Assets.xcassets in Resources */ = {isa = PBXBuildFile; fileRef = 88634633245CB52B00149659 /* Assets.xcassets */; };
		888972252459BE30000A9E45 /* ApoioViewController.swift in Sources */ = {isa = PBXBuildFile; fileRef = 888972242459BE30000A9E45 /* ApoioViewController.swift */; };
		8889722B2459C998000A9E45 /* ContatosTableViewCell.swift in Sources */ = {isa = PBXBuildFile; fileRef = 888972292459C998000A9E45 /* ContatosTableViewCell.swift */; };
		88E3F42B245A38BF00C4BB85 /* ContatoXibs.xib in Resources */ = {isa = PBXBuildFile; fileRef = 88E3F42A245A38BF00C4BB85 /* ContatoXibs.xib */; };
		DE3557F52458EE74005D7BDB /* AppDelegate.swift in Sources */ = {isa = PBXBuildFile; fileRef = DE3557F42458EE74005D7BDB /* AppDelegate.swift */; };
		DE3557F72458EE74005D7BDB /* SceneDelegate.swift in Sources */ = {isa = PBXBuildFile; fileRef = DE3557F62458EE74005D7BDB /* SceneDelegate.swift */; };
		DE3558012458EE76005D7BDB /* LaunchScreen.storyboard in Resources */ = {isa = PBXBuildFile; fileRef = DE3557FF2458EE76005D7BDB /* LaunchScreen.storyboard */; };
		DE3558212458EFBE005D7BDB /* Add Momento.storyboard in Resources */ = {isa = PBXBuildFile; fileRef = DE35581B2458EFBE005D7BDB /* Add Momento.storyboard */; };
		DE3558222458EFBE005D7BDB /* TabBar.storyboard in Resources */ = {isa = PBXBuildFile; fileRef = DE35581C2458EFBE005D7BDB /* TabBar.storyboard */; };
		DE3558232458EFBE005D7BDB /* Apoio.storyboard in Resources */ = {isa = PBXBuildFile; fileRef = DE35581D2458EFBE005D7BDB /* Apoio.storyboard */; };
		DE3558242458EFBE005D7BDB /* Estatisticas.storyboard in Resources */ = {isa = PBXBuildFile; fileRef = DE35581E2458EFBE005D7BDB /* Estatisticas.storyboard */; };
		DE3558252458EFBE005D7BDB /* Momentos.storyboard in Resources */ = {isa = PBXBuildFile; fileRef = DE35581F2458EFBE005D7BDB /* Momentos.storyboard */; };
		DE3558262458EFBE005D7BDB /* Ajustes.storyboard in Resources */ = {isa = PBXBuildFile; fileRef = DE3558202458EFBE005D7BDB /* Ajustes.storyboard */; };
		DE3558302459BF02005D7BDB /* MomentosController.swift in Sources */ = {isa = PBXBuildFile; fileRef = DE35582F2459BF02005D7BDB /* MomentosController.swift */; };
		DE44727C245DEEF60007A1C6 /* CardCollectionViewCell.swift in Sources */ = {isa = PBXBuildFile; fileRef = DE44727B245DEEF60007A1C6 /* CardCollectionViewCell.swift */; };
		DE44727E245DF84E0007A1C6 /* CardModel.swift in Sources */ = {isa = PBXBuildFile; fileRef = DE44727D245DF84E0007A1C6 /* CardModel.swift */; };
		DE447282245DFF310007A1C6 /* CardCollectionViewCell.xib in Resources */ = {isa = PBXBuildFile; fileRef = DE447280245DFF310007A1C6 /* CardCollectionViewCell.xib */; };
		DE4472AC245F125B0007A1C6 /* SectionTableViewCell.swift in Sources */ = {isa = PBXBuildFile; fileRef = DE4472AA245F125B0007A1C6 /* SectionTableViewCell.swift */; };
		DE4472AD245F125B0007A1C6 /* SectionTableViewCell.xib in Resources */ = {isa = PBXBuildFile; fileRef = DE4472AB245F125B0007A1C6 /* SectionTableViewCell.xib */; };
/* End PBXBuildFile section */

/* Begin PBXFileReference section */
		031A43832460FA2C00DBA93C /* AddMomento2.storyboard */ = {isa = PBXFileReference; lastKnownFileType = file.storyboard; name = AddMomento2.storyboard; path = MiniInterfaces/Controller/AddMomento2.storyboard; sourceTree = SOURCE_ROOT; };
		031A43852460FA6A00DBA93C /* AddMomento2ViewController.swift */ = {isa = PBXFileReference; lastKnownFileType = sourcecode.swift; name = AddMomento2ViewController.swift; path = MiniInterfaces/Controller/AddMomento2ViewController.swift; sourceTree = SOURCE_ROOT; };
		031A438724619C5400DBA93C /* PhotoCollectionViewCell.swift */ = {isa = PBXFileReference; lastKnownFileType = sourcecode.swift; path = PhotoCollectionViewCell.swift; sourceTree = "<group>"; };
		031A438824619C5400DBA93C /* PhotoCollectionViewCell.xib */ = {isa = PBXFileReference; lastKnownFileType = file.xib; path = PhotoCollectionViewCell.xib; sourceTree = "<group>"; };
		031A438B2462DF6600DBA93C /* AddMomento3.storyboard */ = {isa = PBXFileReference; lastKnownFileType = file.storyboard; path = AddMomento3.storyboard; sourceTree = "<group>"; };
		031A438D2462E04000DBA93C /* AddMomento3Controller.swift */ = {isa = PBXFileReference; lastKnownFileType = sourcecode.swift; name = AddMomento3Controller.swift; path = MiniInterfaces/View/AddMomento3Controller.swift; sourceTree = SOURCE_ROOT; };
		03294121245B80A3009AF37F /* FeelingCardCollectionViewCell.swift */ = {isa = PBXFileReference; lastKnownFileType = sourcecode.swift; path = FeelingCardCollectionViewCell.swift; sourceTree = "<group>"; };
		03294122245B80A3009AF37F /* FeelingCardCollectionViewCell.xib */ = {isa = PBXFileReference; lastKnownFileType = file.xib; path = FeelingCardCollectionViewCell.xib; sourceTree = "<group>"; };
		03294125245C4FB2009AF37F /* fontStyle.swift */ = {isa = PBXFileReference; lastKnownFileType = sourcecode.swift; path = fontStyle.swift; sourceTree = "<group>"; };
		03D9081F2459A88300F9839C /* Card.swift */ = {isa = PBXFileReference; fileEncoding = 4; lastKnownFileType = sourcecode.swift; path = Card.swift; sourceTree = "<group>"; };
		03D908202459A88300F9839C /* Contacts.swift */ = {isa = PBXFileReference; fileEncoding = 4; lastKnownFileType = sourcecode.swift; path = Contacts.swift; sourceTree = "<group>"; };
		03D908212459A88300F9839C /* User.swift */ = {isa = PBXFileReference; fileEncoding = 4; lastKnownFileType = sourcecode.swift; path = User.swift; sourceTree = "<group>"; };
		03D908222459A88300F9839C /* FeelingCard.swift */ = {isa = PBXFileReference; fileEncoding = 4; lastKnownFileType = sourcecode.swift; path = FeelingCard.swift; sourceTree = "<group>"; };
		03D908272459B8B000F9839C /* colorsApp.swift */ = {isa = PBXFileReference; lastKnownFileType = sourcecode.swift; path = colorsApp.swift; sourceTree = "<group>"; };
		03D908292459BD3C00F9839C /* AddMomentoController.swift */ = {isa = PBXFileReference; lastKnownFileType = sourcecode.swift; path = AddMomentoController.swift; sourceTree = "<group>"; };
		8863462D245B17B600149659 /* MsgApoioCollectionViewCell.swift */ = {isa = PBXFileReference; lastKnownFileType = sourcecode.swift; path = MsgApoioCollectionViewCell.swift; sourceTree = "<group>"; };
		88634631245B1ADD00149659 /* MsgApoioXibs.xib */ = {isa = PBXFileReference; lastKnownFileType = file.xib; path = MsgApoioXibs.xib; sourceTree = "<group>"; };
		88634633245CB52B00149659 /* Assets.xcassets */ = {isa = PBXFileReference; lastKnownFileType = folder.assetcatalog; path = Assets.xcassets; sourceTree = "<group>"; };
		888972242459BE30000A9E45 /* ApoioViewController.swift */ = {isa = PBXFileReference; lastKnownFileType = sourcecode.swift; path = ApoioViewController.swift; sourceTree = "<group>"; };
		888972292459C998000A9E45 /* ContatosTableViewCell.swift */ = {isa = PBXFileReference; lastKnownFileType = sourcecode.swift; path = ContatosTableViewCell.swift; sourceTree = "<group>"; };
		88E3F42A245A38BF00C4BB85 /* ContatoXibs.xib */ = {isa = PBXFileReference; lastKnownFileType = file.xib; path = ContatoXibs.xib; sourceTree = "<group>"; };
		DE3557F12458EE74005D7BDB /* MiniInterfaces.app */ = {isa = PBXFileReference; explicitFileType = wrapper.application; includeInIndex = 0; path = MiniInterfaces.app; sourceTree = BUILT_PRODUCTS_DIR; };
		DE3557F42458EE74005D7BDB /* AppDelegate.swift */ = {isa = PBXFileReference; lastKnownFileType = sourcecode.swift; path = AppDelegate.swift; sourceTree = "<group>"; };
		DE3557F62458EE74005D7BDB /* SceneDelegate.swift */ = {isa = PBXFileReference; lastKnownFileType = sourcecode.swift; path = SceneDelegate.swift; sourceTree = "<group>"; };
		DE3558002458EE76005D7BDB /* Base */ = {isa = PBXFileReference; lastKnownFileType = file.storyboard; name = Base; path = Base.lproj/LaunchScreen.storyboard; sourceTree = "<group>"; };
		DE3558022458EE76005D7BDB /* Info.plist */ = {isa = PBXFileReference; lastKnownFileType = text.plist.xml; path = Info.plist; sourceTree = "<group>"; };
		DE35581B2458EFBE005D7BDB /* Add Momento.storyboard */ = {isa = PBXFileReference; fileEncoding = 4; lastKnownFileType = file.storyboard; path = "Add Momento.storyboard"; sourceTree = "<group>"; };
		DE35581C2458EFBE005D7BDB /* TabBar.storyboard */ = {isa = PBXFileReference; fileEncoding = 4; lastKnownFileType = file.storyboard; path = TabBar.storyboard; sourceTree = "<group>"; };
		DE35581D2458EFBE005D7BDB /* Apoio.storyboard */ = {isa = PBXFileReference; fileEncoding = 4; lastKnownFileType = file.storyboard; path = Apoio.storyboard; sourceTree = "<group>"; };
		DE35581E2458EFBE005D7BDB /* Estatisticas.storyboard */ = {isa = PBXFileReference; fileEncoding = 4; lastKnownFileType = file.storyboard; path = Estatisticas.storyboard; sourceTree = "<group>"; };
		DE35581F2458EFBE005D7BDB /* Momentos.storyboard */ = {isa = PBXFileReference; fileEncoding = 4; lastKnownFileType = file.storyboard; path = Momentos.storyboard; sourceTree = "<group>"; };
		DE3558202458EFBE005D7BDB /* Ajustes.storyboard */ = {isa = PBXFileReference; fileEncoding = 4; lastKnownFileType = file.storyboard; path = Ajustes.storyboard; sourceTree = "<group>"; };
		DE35582F2459BF02005D7BDB /* MomentosController.swift */ = {isa = PBXFileReference; lastKnownFileType = sourcecode.swift; path = MomentosController.swift; sourceTree = "<group>"; };
		DE44727B245DEEF60007A1C6 /* CardCollectionViewCell.swift */ = {isa = PBXFileReference; lastKnownFileType = sourcecode.swift; path = CardCollectionViewCell.swift; sourceTree = "<group>"; };
		DE44727D245DF84E0007A1C6 /* CardModel.swift */ = {isa = PBXFileReference; lastKnownFileType = sourcecode.swift; path = CardModel.swift; sourceTree = "<group>"; };
		DE447280245DFF310007A1C6 /* CardCollectionViewCell.xib */ = {isa = PBXFileReference; lastKnownFileType = file.xib; path = CardCollectionViewCell.xib; sourceTree = "<group>"; };
		DE4472AA245F125B0007A1C6 /* SectionTableViewCell.swift */ = {isa = PBXFileReference; lastKnownFileType = sourcecode.swift; path = SectionTableViewCell.swift; sourceTree = "<group>"; };
		DE4472AB245F125B0007A1C6 /* SectionTableViewCell.xib */ = {isa = PBXFileReference; lastKnownFileType = file.xib; path = SectionTableViewCell.xib; sourceTree = "<group>"; };
/* End PBXFileReference section */

/* Begin PBXFrameworksBuildPhase section */
		DE3557EE2458EE74005D7BDB /* Frameworks */ = {
			isa = PBXFrameworksBuildPhase;
			buildActionMask = 2147483647;
			files = (
			);
			runOnlyForDeploymentPostprocessing = 0;
		};
/* End PBXFrameworksBuildPhase section */

/* Begin PBXGroup section */
		03D9081E2459A88300F9839C /* Model */ = {
			isa = PBXGroup;
			children = (
				03D9081F2459A88300F9839C /* Card.swift */,
				03D908202459A88300F9839C /* Contacts.swift */,
				03D908222459A88300F9839C /* FeelingCard.swift */,
				DE44727D245DF84E0007A1C6 /* CardModel.swift */,
				03D908212459A88300F9839C /* User.swift */,
			);
			name = Model;
			path = MiniInterfaces/Model;
			sourceTree = SOURCE_ROOT;
		};
		888972282459C306000A9E45 /* ApoioViewControllers */ = {
			isa = PBXGroup;
			children = (
				888972242459BE30000A9E45 /* ApoioViewController.swift */,
				888972292459C998000A9E45 /* ContatosTableViewCell.swift */,
				88E3F42A245A38BF00C4BB85 /* ContatoXibs.xib */,
				8863462D245B17B600149659 /* MsgApoioCollectionViewCell.swift */,
				88634631245B1ADD00149659 /* MsgApoioXibs.xib */,
			);
			path = ApoioViewControllers;
			sourceTree = "<group>";
		};
		DE3557E82458EE74005D7BDB = {
			isa = PBXGroup;
			children = (
				DE3557F32458EE74005D7BDB /* MiniInterfaces */,
				DE3557F22458EE74005D7BDB /* Products */,
			);
			sourceTree = "<group>";
		};
		DE3557F22458EE74005D7BDB /* Products */ = {
			isa = PBXGroup;
			children = (
				DE3557F12458EE74005D7BDB /* MiniInterfaces.app */,
			);
			name = Products;
			sourceTree = "<group>";
		};
		DE3557F32458EE74005D7BDB /* MiniInterfaces */ = {
			isa = PBXGroup;
			children = (
				03D9081E2459A88300F9839C /* Model */,
				DE35582E2458F171005D7BDB /* Controller */,
				DE35581A2458EFBE005D7BDB /* View */,
				DE3557F42458EE74005D7BDB /* AppDelegate.swift */,
				DE3557F62458EE74005D7BDB /* SceneDelegate.swift */,
				DE3557FF2458EE76005D7BDB /* LaunchScreen.storyboard */,
				03294125245C4FB2009AF37F /* fontStyle.swift */,
				03D908272459B8B000F9839C /* colorsApp.swift */,
				88634633245CB52B00149659 /* Assets.xcassets */,
				DE3558022458EE76005D7BDB /* Info.plist */,
			);
			path = MiniInterfaces;
			sourceTree = "<group>";
		};
		DE35581A2458EFBE005D7BDB /* View */ = {
			isa = PBXGroup;
			children = (
				DE447283245E1C230007A1C6 /* Xibs */,
				031A43832460FA2C00DBA93C /* AddMomento2.storyboard */,
				031A438B2462DF6600DBA93C /* AddMomento3.storyboard */,
				DE35581C2458EFBE005D7BDB /* TabBar.storyboard */,
				DE35581B2458EFBE005D7BDB /* Add Momento.storyboard */,
				DE35581D2458EFBE005D7BDB /* Apoio.storyboard */,
				DE35581E2458EFBE005D7BDB /* Estatisticas.storyboard */,
				DE35581F2458EFBE005D7BDB /* Momentos.storyboard */,
				DE3558202458EFBE005D7BDB /* Ajustes.storyboard */,
			);
			path = View;
			sourceTree = "<group>";
		};
		DE35582E2458F171005D7BDB /* Controller */ = {
			isa = PBXGroup;
			children = (
				888972282459C306000A9E45 /* ApoioViewControllers */,
				DE35582F2459BF02005D7BDB /* MomentosController.swift */,
				03D908292459BD3C00F9839C /* AddMomentoController.swift */,
				031A43852460FA6A00DBA93C /* AddMomento2ViewController.swift */,
				031A438D2462E04000DBA93C /* AddMomento3Controller.swift */,
			);
			path = Controller;
			sourceTree = "<group>";
		};
		DE447283245E1C230007A1C6 /* Xibs */ = {
			isa = PBXGroup;
			children = (
				03294121245B80A3009AF37F /* FeelingCardCollectionViewCell.swift */,
				03294122245B80A3009AF37F /* FeelingCardCollectionViewCell.xib */,
				DE44727B245DEEF60007A1C6 /* CardCollectionViewCell.swift */,
				DE447280245DFF310007A1C6 /* CardCollectionViewCell.xib */,
				DE4472AA245F125B0007A1C6 /* SectionTableViewCell.swift */,
				DE4472AB245F125B0007A1C6 /* SectionTableViewCell.xib */,
				031A438724619C5400DBA93C /* PhotoCollectionViewCell.swift */,
				031A438824619C5400DBA93C /* PhotoCollectionViewCell.xib */,
			);
			path = Xibs;
			sourceTree = "<group>";
		};
/* End PBXGroup section */

/* Begin PBXNativeTarget section */
		DE3557F02458EE74005D7BDB /* MiniInterfaces */ = {
			isa = PBXNativeTarget;
			buildConfigurationList = DE3558052458EE76005D7BDB /* Build configuration list for PBXNativeTarget "MiniInterfaces" */;
			buildPhases = (
				DE3557ED2458EE74005D7BDB /* Sources */,
				DE3557EE2458EE74005D7BDB /* Frameworks */,
				DE3557EF2458EE74005D7BDB /* Resources */,
			);
			buildRules = (
			);
			dependencies = (
			);
			name = MiniInterfaces;
			productName = MiniInterfaces;
			productReference = DE3557F12458EE74005D7BDB /* MiniInterfaces.app */;
			productType = "com.apple.product-type.application";
		};
/* End PBXNativeTarget section */

/* Begin PBXProject section */
		DE3557E92458EE74005D7BDB /* Project object */ = {
			isa = PBXProject;
			attributes = {
				LastSwiftUpdateCheck = 1140;
				LastUpgradeCheck = 1140;
				ORGANIZATIONNAME = "Elias Ferreira";
				TargetAttributes = {
					DE3557F02458EE74005D7BDB = {
						CreatedOnToolsVersion = 11.4.1;
					};
				};
			};
			buildConfigurationList = DE3557EC2458EE74005D7BDB /* Build configuration list for PBXProject "MiniInterfaces" */;
			compatibilityVersion = "Xcode 9.3";
			developmentRegion = en;
			hasScannedForEncodings = 0;
			knownRegions = (
				en,
				Base,
			);
			mainGroup = DE3557E82458EE74005D7BDB;
			productRefGroup = DE3557F22458EE74005D7BDB /* Products */;
			projectDirPath = "";
			projectRoot = "";
			targets = (
				DE3557F02458EE74005D7BDB /* MiniInterfaces */,
			);
		};
/* End PBXProject section */

/* Begin PBXResourcesBuildPhase section */
		DE3557EF2458EE74005D7BDB /* Resources */ = {
			isa = PBXResourcesBuildPhase;
			buildActionMask = 2147483647;
			files = (
				DE4472AD245F125B0007A1C6 /* SectionTableViewCell.xib in Resources */,
				DE447282245DFF310007A1C6 /* CardCollectionViewCell.xib in Resources */,
				DE3558222458EFBE005D7BDB /* TabBar.storyboard in Resources */,
				03294124245B80A3009AF37F /* FeelingCardCollectionViewCell.xib in Resources */,
				DE3558242458EFBE005D7BDB /* Estatisticas.storyboard in Resources */,
				88634632245B1ADD00149659 /* MsgApoioXibs.xib in Resources */,
				031A438A24619C5400DBA93C /* PhotoCollectionViewCell.xib in Resources */,
				DE3558232458EFBE005D7BDB /* Apoio.storyboard in Resources */,
				031A438C2462DF6600DBA93C /* AddMomento3.storyboard in Resources */,
				031A43842460FA2C00DBA93C /* AddMomento2.storyboard in Resources */,
				88E3F42B245A38BF00C4BB85 /* ContatoXibs.xib in Resources */,
				DE3558012458EE76005D7BDB /* LaunchScreen.storyboard in Resources */,
				DE3558252458EFBE005D7BDB /* Momentos.storyboard in Resources */,
				DE3558262458EFBE005D7BDB /* Ajustes.storyboard in Resources */,
				DE3558212458EFBE005D7BDB /* Add Momento.storyboard in Resources */,
				88634634245CB52B00149659 /* Assets.xcassets in Resources */,
			);
			runOnlyForDeploymentPostprocessing = 0;
		};
/* End PBXResourcesBuildPhase section */

/* Begin PBXSourcesBuildPhase section */
		DE3557ED2458EE74005D7BDB /* Sources */ = {
			isa = PBXSourcesBuildPhase;
			buildActionMask = 2147483647;
			files = (
				03294126245C4FB2009AF37F /* fontStyle.swift in Sources */,
				03D908262459A88300F9839C /* FeelingCard.swift in Sources */,
				8889722B2459C998000A9E45 /* ContatosTableViewCell.swift in Sources */,
				DE3557F52458EE74005D7BDB /* AppDelegate.swift in Sources */,
				031A438924619C5400DBA93C /* PhotoCollectionViewCell.swift in Sources */,
				03294123245B80A3009AF37F /* FeelingCardCollectionViewCell.swift in Sources */,
				888972252459BE30000A9E45 /* ApoioViewController.swift in Sources */,
				DE44727E245DF84E0007A1C6 /* CardModel.swift in Sources */,
				DE3558302459BF02005D7BDB /* MomentosController.swift in Sources */,
				031A438E2462E04000DBA93C /* AddMomento3Controller.swift in Sources */,
				DE44727C245DEEF60007A1C6 /* CardCollectionViewCell.swift in Sources */,
				03D9082A2459BD3C00F9839C /* AddMomentoController.swift in Sources */,
				03D908252459A88300F9839C /* User.swift in Sources */,
				DE3557F72458EE74005D7BDB /* SceneDelegate.swift in Sources */,
				031A43862460FA6A00DBA93C /* AddMomento2ViewController.swift in Sources */,
				8863462F245B17B600149659 /* MsgApoioCollectionViewCell.swift in Sources */,
				03D908282459B8B000F9839C /* colorsApp.swift in Sources */,
				03D908232459A88300F9839C /* Card.swift in Sources */,
				DE4472AC245F125B0007A1C6 /* SectionTableViewCell.swift in Sources */,
				03D908242459A88300F9839C /* Contacts.swift in Sources */,
			);
			runOnlyForDeploymentPostprocessing = 0;
		};
/* End PBXSourcesBuildPhase section */

/* Begin PBXVariantGroup section */
		DE3557FF2458EE76005D7BDB /* LaunchScreen.storyboard */ = {
			isa = PBXVariantGroup;
			children = (
				DE3558002458EE76005D7BDB /* Base */,
			);
			name = LaunchScreen.storyboard;
			sourceTree = "<group>";
		};
/* End PBXVariantGroup section */

/* Begin XCBuildConfiguration section */
		DE3558032458EE76005D7BDB /* Debug */ = {
			isa = XCBuildConfiguration;
			buildSettings = {
				ALWAYS_SEARCH_USER_PATHS = NO;
				CLANG_ANALYZER_NONNULL = YES;
				CLANG_ANALYZER_NUMBER_OBJECT_CONVERSION = YES_AGGRESSIVE;
				CLANG_CXX_LANGUAGE_STANDARD = "gnu++14";
				CLANG_CXX_LIBRARY = "libc++";
				CLANG_ENABLE_MODULES = YES;
				CLANG_ENABLE_OBJC_ARC = YES;
				CLANG_ENABLE_OBJC_WEAK = YES;
				CLANG_WARN_BLOCK_CAPTURE_AUTORELEASING = YES;
				CLANG_WARN_BOOL_CONVERSION = YES;
				CLANG_WARN_COMMA = YES;
				CLANG_WARN_CONSTANT_CONVERSION = YES;
				CLANG_WARN_DEPRECATED_OBJC_IMPLEMENTATIONS = YES;
				CLANG_WARN_DIRECT_OBJC_ISA_USAGE = YES_ERROR;
				CLANG_WARN_DOCUMENTATION_COMMENTS = YES;
				CLANG_WARN_EMPTY_BODY = YES;
				CLANG_WARN_ENUM_CONVERSION = YES;
				CLANG_WARN_INFINITE_RECURSION = YES;
				CLANG_WARN_INT_CONVERSION = YES;
				CLANG_WARN_NON_LITERAL_NULL_CONVERSION = YES;
				CLANG_WARN_OBJC_IMPLICIT_RETAIN_SELF = YES;
				CLANG_WARN_OBJC_LITERAL_CONVERSION = YES;
				CLANG_WARN_OBJC_ROOT_CLASS = YES_ERROR;
				CLANG_WARN_RANGE_LOOP_ANALYSIS = YES;
				CLANG_WARN_STRICT_PROTOTYPES = YES;
				CLANG_WARN_SUSPICIOUS_MOVE = YES;
				CLANG_WARN_UNGUARDED_AVAILABILITY = YES_AGGRESSIVE;
				CLANG_WARN_UNREACHABLE_CODE = YES;
				CLANG_WARN__DUPLICATE_METHOD_MATCH = YES;
				COPY_PHASE_STRIP = NO;
				DEBUG_INFORMATION_FORMAT = dwarf;
				ENABLE_STRICT_OBJC_MSGSEND = YES;
				ENABLE_TESTABILITY = YES;
				GCC_C_LANGUAGE_STANDARD = gnu11;
				GCC_DYNAMIC_NO_PIC = NO;
				GCC_NO_COMMON_BLOCKS = YES;
				GCC_OPTIMIZATION_LEVEL = 0;
				GCC_PREPROCESSOR_DEFINITIONS = (
					"DEBUG=1",
					"$(inherited)",
				);
				GCC_WARN_64_TO_32_BIT_CONVERSION = YES;
				GCC_WARN_ABOUT_RETURN_TYPE = YES_ERROR;
				GCC_WARN_UNDECLARED_SELECTOR = YES;
				GCC_WARN_UNINITIALIZED_AUTOS = YES_AGGRESSIVE;
				GCC_WARN_UNUSED_FUNCTION = YES;
				GCC_WARN_UNUSED_VARIABLE = YES;
				IPHONEOS_DEPLOYMENT_TARGET = 13.4;
				MTL_ENABLE_DEBUG_INFO = INCLUDE_SOURCE;
				MTL_FAST_MATH = YES;
				ONLY_ACTIVE_ARCH = YES;
				SDKROOT = iphoneos;
				SWIFT_ACTIVE_COMPILATION_CONDITIONS = DEBUG;
				SWIFT_OPTIMIZATION_LEVEL = "-Onone";
			};
			name = Debug;
		};
		DE3558042458EE76005D7BDB /* Release */ = {
			isa = XCBuildConfiguration;
			buildSettings = {
				ALWAYS_SEARCH_USER_PATHS = NO;
				CLANG_ANALYZER_NONNULL = YES;
				CLANG_ANALYZER_NUMBER_OBJECT_CONVERSION = YES_AGGRESSIVE;
				CLANG_CXX_LANGUAGE_STANDARD = "gnu++14";
				CLANG_CXX_LIBRARY = "libc++";
				CLANG_ENABLE_MODULES = YES;
				CLANG_ENABLE_OBJC_ARC = YES;
				CLANG_ENABLE_OBJC_WEAK = YES;
				CLANG_WARN_BLOCK_CAPTURE_AUTORELEASING = YES;
				CLANG_WARN_BOOL_CONVERSION = YES;
				CLANG_WARN_COMMA = YES;
				CLANG_WARN_CONSTANT_CONVERSION = YES;
				CLANG_WARN_DEPRECATED_OBJC_IMPLEMENTATIONS = YES;
				CLANG_WARN_DIRECT_OBJC_ISA_USAGE = YES_ERROR;
				CLANG_WARN_DOCUMENTATION_COMMENTS = YES;
				CLANG_WARN_EMPTY_BODY = YES;
				CLANG_WARN_ENUM_CONVERSION = YES;
				CLANG_WARN_INFINITE_RECURSION = YES;
				CLANG_WARN_INT_CONVERSION = YES;
				CLANG_WARN_NON_LITERAL_NULL_CONVERSION = YES;
				CLANG_WARN_OBJC_IMPLICIT_RETAIN_SELF = YES;
				CLANG_WARN_OBJC_LITERAL_CONVERSION = YES;
				CLANG_WARN_OBJC_ROOT_CLASS = YES_ERROR;
				CLANG_WARN_RANGE_LOOP_ANALYSIS = YES;
				CLANG_WARN_STRICT_PROTOTYPES = YES;
				CLANG_WARN_SUSPICIOUS_MOVE = YES;
				CLANG_WARN_UNGUARDED_AVAILABILITY = YES_AGGRESSIVE;
				CLANG_WARN_UNREACHABLE_CODE = YES;
				CLANG_WARN__DUPLICATE_METHOD_MATCH = YES;
				COPY_PHASE_STRIP = NO;
				DEBUG_INFORMATION_FORMAT = "dwarf-with-dsym";
				ENABLE_NS_ASSERTIONS = NO;
				ENABLE_STRICT_OBJC_MSGSEND = YES;
				GCC_C_LANGUAGE_STANDARD = gnu11;
				GCC_NO_COMMON_BLOCKS = YES;
				GCC_WARN_64_TO_32_BIT_CONVERSION = YES;
				GCC_WARN_ABOUT_RETURN_TYPE = YES_ERROR;
				GCC_WARN_UNDECLARED_SELECTOR = YES;
				GCC_WARN_UNINITIALIZED_AUTOS = YES_AGGRESSIVE;
				GCC_WARN_UNUSED_FUNCTION = YES;
				GCC_WARN_UNUSED_VARIABLE = YES;
				IPHONEOS_DEPLOYMENT_TARGET = 13.4;
				MTL_ENABLE_DEBUG_INFO = NO;
				MTL_FAST_MATH = YES;
				SDKROOT = iphoneos;
				SWIFT_COMPILATION_MODE = wholemodule;
				SWIFT_OPTIMIZATION_LEVEL = "-O";
				VALIDATE_PRODUCT = YES;
			};
			name = Release;
		};
		DE3558062458EE76005D7BDB /* Debug */ = {
			isa = XCBuildConfiguration;
			buildSettings = {
				ASSETCATALOG_COMPILER_APPICON_NAME = AppIcon;
				CODE_SIGN_STYLE = Automatic;
				INFOPLIST_FILE = MiniInterfaces/Info.plist;
				IPHONEOS_DEPLOYMENT_TARGET = 13.0;
				LD_RUNPATH_SEARCH_PATHS = (
					"$(inherited)",
					"@executable_path/Frameworks",
				);
				PRODUCT_BUNDLE_IDENTIFIER = br.com.eliasferreira.MiniInterfaces;
				PRODUCT_NAME = "$(TARGET_NAME)";
				SWIFT_VERSION = 5.0;
				TARGETED_DEVICE_FAMILY = "1,2";
			};
			name = Debug;
		};
		DE3558072458EE76005D7BDB /* Release */ = {
			isa = XCBuildConfiguration;
			buildSettings = {
				ASSETCATALOG_COMPILER_APPICON_NAME = AppIcon;
				CODE_SIGN_STYLE = Automatic;
				INFOPLIST_FILE = MiniInterfaces/Info.plist;
				IPHONEOS_DEPLOYMENT_TARGET = 13.0;
				LD_RUNPATH_SEARCH_PATHS = (
					"$(inherited)",
					"@executable_path/Frameworks",
				);
				PRODUCT_BUNDLE_IDENTIFIER = br.com.eliasferreira.MiniInterfaces;
				PRODUCT_NAME = "$(TARGET_NAME)";
				SWIFT_VERSION = 5.0;
				TARGETED_DEVICE_FAMILY = "1,2";
			};
			name = Release;
		};
/* End XCBuildConfiguration section */

/* Begin XCConfigurationList section */
		DE3557EC2458EE74005D7BDB /* Build configuration list for PBXProject "MiniInterfaces" */ = {
			isa = XCConfigurationList;
			buildConfigurations = (
				DE3558032458EE76005D7BDB /* Debug */,
				DE3558042458EE76005D7BDB /* Release */,
			);
			defaultConfigurationIsVisible = 0;
			defaultConfigurationName = Release;
		};
		DE3558052458EE76005D7BDB /* Build configuration list for PBXNativeTarget "MiniInterfaces" */ = {
			isa = XCConfigurationList;
			buildConfigurations = (
				DE3558062458EE76005D7BDB /* Debug */,
				DE3558072458EE76005D7BDB /* Release */,
			);
			defaultConfigurationIsVisible = 0;
			defaultConfigurationName = Release;
		};
/* End XCConfigurationList section */
	};
	rootObject = DE3557E92458EE74005D7BDB /* Project object */;
}
